// !$*UTF8*$!
{
	archiveVersion = 1;
	classes = {
	};
	objectVersion = 50;
	objects = {

/* Begin PBXBuildFile section */
		5585A0E87080BE0C3E893B3B /* libPods-CNews.a in Frameworks */ = {isa = PBXBuildFile; fileRef = F40F2EA9DD91AC65E486DDBF /* libPods-CNews.a */; };
		A783E1F521C90ED8007EA740 /* AppDelegate.m in Sources */ = {isa = PBXBuildFile; fileRef = A783E1F421C90ED8007EA740 /* AppDelegate.m */; };
		A783E1FD21C90ED9007EA740 /* Assets.xcassets in Resources */ = {isa = PBXBuildFile; fileRef = A783E1FC21C90ED9007EA740 /* Assets.xcassets */; };
		A783E20021C90ED9007EA740 /* LaunchScreen.storyboard in Resources */ = {isa = PBXBuildFile; fileRef = A783E1FE21C90ED9007EA740 /* LaunchScreen.storyboard */; };
		A783E20321C90ED9007EA740 /* main.m in Sources */ = {isa = PBXBuildFile; fileRef = A783E20221C90ED9007EA740 /* main.m */; };
		A783E20D21C90ED9007EA740 /* CNewsTests.m in Sources */ = {isa = PBXBuildFile; fileRef = A783E20C21C90ED9007EA740 /* CNewsTests.m */; };
		A783E21821C90ED9007EA740 /* CNewsUITests.m in Sources */ = {isa = PBXBuildFile; fileRef = A783E21721C90ED9007EA740 /* CNewsUITests.m */; };
		A783E22B21C910A2007EA740 /* CNBaseViewController.m in Sources */ = {isa = PBXBuildFile; fileRef = A783E22A21C910A2007EA740 /* CNBaseViewController.m */; };
		A783E22E21C910C8007EA740 /* CNNavigationViewController.m in Sources */ = {isa = PBXBuildFile; fileRef = A783E22D21C910C8007EA740 /* CNNavigationViewController.m */; };
		A783E23121C910E2007EA740 /* CNTabBarViewController.m in Sources */ = {isa = PBXBuildFile; fileRef = A783E23021C910E2007EA740 /* CNTabBarViewController.m */; };
		A783E23921C9160A007EA740 /* CNNewsViewController.m in Sources */ = {isa = PBXBuildFile; fileRef = A783E23821C9160A007EA740 /* CNNewsViewController.m */; };
		A783E23C21C91643007EA740 /* CNPictureViewController.m in Sources */ = {isa = PBXBuildFile; fileRef = A783E23B21C91643007EA740 /* CNPictureViewController.m */; };
		A783E23F21C91659007EA740 /* CNVideoViewController.m in Sources */ = {isa = PBXBuildFile; fileRef = A783E23E21C91659007EA740 /* CNVideoViewController.m */; };
		A783E24221C91669007EA740 /* CNMeViewController.m in Sources */ = {isa = PBXBuildFile; fileRef = A783E24121C91669007EA740 /* CNMeViewController.m */; };
/* End PBXBuildFile section */

/* Begin PBXContainerItemProxy section */
		A783E20921C90ED9007EA740 /* PBXContainerItemProxy */ = {
			isa = PBXContainerItemProxy;
			containerPortal = A783E1E821C90ED8007EA740 /* Project object */;
			proxyType = 1;
			remoteGlobalIDString = A783E1EF21C90ED8007EA740;
			remoteInfo = CNews;
		};
		A783E21421C90ED9007EA740 /* PBXContainerItemProxy */ = {
			isa = PBXContainerItemProxy;
			containerPortal = A783E1E821C90ED8007EA740 /* Project object */;
			proxyType = 1;
			remoteGlobalIDString = A783E1EF21C90ED8007EA740;
			remoteInfo = CNews;
		};
/* End PBXContainerItemProxy section */

/* Begin PBXFileReference section */
		0AA53BA92E215EE419483E04 /* Pods-CNews.debug.xcconfig */ = {isa = PBXFileReference; includeInIndex = 1; lastKnownFileType = text.xcconfig; name = "Pods-CNews.debug.xcconfig"; path = "Pods/Target Support Files/Pods-CNews/Pods-CNews.debug.xcconfig"; sourceTree = "<group>"; };
		A783E1F021C90ED8007EA740 /* CNews.app */ = {isa = PBXFileReference; explicitFileType = wrapper.application; includeInIndex = 0; path = CNews.app; sourceTree = BUILT_PRODUCTS_DIR; };
		A783E1F321C90ED8007EA740 /* AppDelegate.h */ = {isa = PBXFileReference; lastKnownFileType = sourcecode.c.h; path = AppDelegate.h; sourceTree = "<group>"; };
		A783E1F421C90ED8007EA740 /* AppDelegate.m */ = {isa = PBXFileReference; lastKnownFileType = sourcecode.c.objc; path = AppDelegate.m; sourceTree = "<group>"; };
		A783E1FC21C90ED9007EA740 /* Assets.xcassets */ = {isa = PBXFileReference; lastKnownFileType = folder.assetcatalog; path = Assets.xcassets; sourceTree = "<group>"; };
		A783E1FF21C90ED9007EA740 /* Base */ = {isa = PBXFileReference; lastKnownFileType = file.storyboard; name = Base; path = Base.lproj/LaunchScreen.storyboard; sourceTree = "<group>"; };
		A783E20121C90ED9007EA740 /* Info.plist */ = {isa = PBXFileReference; lastKnownFileType = text.plist.xml; path = Info.plist; sourceTree = "<group>"; };
		A783E20221C90ED9007EA740 /* main.m */ = {isa = PBXFileReference; lastKnownFileType = sourcecode.c.objc; path = main.m; sourceTree = "<group>"; };
		A783E20821C90ED9007EA740 /* CNewsTests.xctest */ = {isa = PBXFileReference; explicitFileType = wrapper.cfbundle; includeInIndex = 0; path = CNewsTests.xctest; sourceTree = BUILT_PRODUCTS_DIR; };
		A783E20C21C90ED9007EA740 /* CNewsTests.m */ = {isa = PBXFileReference; lastKnownFileType = sourcecode.c.objc; path = CNewsTests.m; sourceTree = "<group>"; };
		A783E20E21C90ED9007EA740 /* Info.plist */ = {isa = PBXFileReference; lastKnownFileType = text.plist.xml; path = Info.plist; sourceTree = "<group>"; };
		A783E21321C90ED9007EA740 /* CNewsUITests.xctest */ = {isa = PBXFileReference; explicitFileType = wrapper.cfbundle; includeInIndex = 0; path = CNewsUITests.xctest; sourceTree = BUILT_PRODUCTS_DIR; };
		A783E21721C90ED9007EA740 /* CNewsUITests.m */ = {isa = PBXFileReference; lastKnownFileType = sourcecode.c.objc; path = CNewsUITests.m; sourceTree = "<group>"; };
		A783E21921C90ED9007EA740 /* Info.plist */ = {isa = PBXFileReference; lastKnownFileType = text.plist.xml; path = Info.plist; sourceTree = "<group>"; };
		A783E22921C910A2007EA740 /* CNBaseViewController.h */ = {isa = PBXFileReference; lastKnownFileType = sourcecode.c.h; path = CNBaseViewController.h; sourceTree = "<group>"; };
		A783E22A21C910A2007EA740 /* CNBaseViewController.m */ = {isa = PBXFileReference; lastKnownFileType = sourcecode.c.objc; path = CNBaseViewController.m; sourceTree = "<group>"; };
		A783E22C21C910C8007EA740 /* CNNavigationViewController.h */ = {isa = PBXFileReference; lastKnownFileType = sourcecode.c.h; path = CNNavigationViewController.h; sourceTree = "<group>"; };
		A783E22D21C910C8007EA740 /* CNNavigationViewController.m */ = {isa = PBXFileReference; lastKnownFileType = sourcecode.c.objc; path = CNNavigationViewController.m; sourceTree = "<group>"; };
		A783E22F21C910E2007EA740 /* CNTabBarViewController.h */ = {isa = PBXFileReference; lastKnownFileType = sourcecode.c.h; path = CNTabBarViewController.h; sourceTree = "<group>"; };
		A783E23021C910E2007EA740 /* CNTabBarViewController.m */ = {isa = PBXFileReference; lastKnownFileType = sourcecode.c.objc; path = CNTabBarViewController.m; sourceTree = "<group>"; };
		A783E23721C9160A007EA740 /* CNNewsViewController.h */ = {isa = PBXFileReference; lastKnownFileType = sourcecode.c.h; path = CNNewsViewController.h; sourceTree = "<group>"; };
		A783E23821C9160A007EA740 /* CNNewsViewController.m */ = {isa = PBXFileReference; lastKnownFileType = sourcecode.c.objc; path = CNNewsViewController.m; sourceTree = "<group>"; };
		A783E23A21C91643007EA740 /* CNPictureViewController.h */ = {isa = PBXFileReference; lastKnownFileType = sourcecode.c.h; path = CNPictureViewController.h; sourceTree = "<group>"; };
		A783E23B21C91643007EA740 /* CNPictureViewController.m */ = {isa = PBXFileReference; lastKnownFileType = sourcecode.c.objc; path = CNPictureViewController.m; sourceTree = "<group>"; };
		A783E23D21C91659007EA740 /* CNVideoViewController.h */ = {isa = PBXFileReference; lastKnownFileType = sourcecode.c.h; path = CNVideoViewController.h; sourceTree = "<group>"; };
		A783E23E21C91659007EA740 /* CNVideoViewController.m */ = {isa = PBXFileReference; lastKnownFileType = sourcecode.c.objc; path = CNVideoViewController.m; sourceTree = "<group>"; };
		A783E24021C91669007EA740 /* CNMeViewController.h */ = {isa = PBXFileReference; lastKnownFileType = sourcecode.c.h; path = CNMeViewController.h; sourceTree = "<group>"; };
		A783E24121C91669007EA740 /* CNMeViewController.m */ = {isa = PBXFileReference; lastKnownFileType = sourcecode.c.objc; path = CNMeViewController.m; sourceTree = "<group>"; };
		F22691FF10441D6C44F04301 /* Pods-CNews.release.xcconfig */ = {isa = PBXFileReference; includeInIndex = 1; lastKnownFileType = text.xcconfig; name = "Pods-CNews.release.xcconfig"; path = "Pods/Target Support Files/Pods-CNews/Pods-CNews.release.xcconfig"; sourceTree = "<group>"; };
		F40F2EA9DD91AC65E486DDBF /* libPods-CNews.a */ = {isa = PBXFileReference; explicitFileType = archive.ar; includeInIndex = 0; path = "libPods-CNews.a"; sourceTree = BUILT_PRODUCTS_DIR; };
/* End PBXFileReference section */

/* Begin PBXFrameworksBuildPhase section */
		A783E1ED21C90ED8007EA740 /* Frameworks */ = {
			isa = PBXFrameworksBuildPhase;
			buildActionMask = 2147483647;
			files = (
				5585A0E87080BE0C3E893B3B /* libPods-CNews.a in Frameworks */,
			);
			runOnlyForDeploymentPostprocessing = 0;
		};
		A783E20521C90ED9007EA740 /* Frameworks */ = {
			isa = PBXFrameworksBuildPhase;
			buildActionMask = 2147483647;
			files = (
			);
			runOnlyForDeploymentPostprocessing = 0;
		};
		A783E21021C90ED9007EA740 /* Frameworks */ = {
			isa = PBXFrameworksBuildPhase;
			buildActionMask = 2147483647;
			files = (
			);
			runOnlyForDeploymentPostprocessing = 0;
		};
/* End PBXFrameworksBuildPhase section */

/* Begin PBXGroup section */
		80D5C4EB1195D51B05C56CDF /* Frameworks */ = {
			isa = PBXGroup;
			children = (
				F40F2EA9DD91AC65E486DDBF /* libPods-CNews.a */,
			);
			name = Frameworks;
			sourceTree = "<group>";
		};
		A783E1E721C90ED8007EA740 = {
			isa = PBXGroup;
			children = (
				A783E1F221C90ED8007EA740 /* CNews */,
				A783E20B21C90ED9007EA740 /* CNewsTests */,
				A783E21621C90ED9007EA740 /* CNewsUITests */,
				A783E1F121C90ED8007EA740 /* Products */,
				C0ACF76646EC2E0766EB5382 /* Pods */,
				80D5C4EB1195D51B05C56CDF /* Frameworks */,
			);
			sourceTree = "<group>";
		};
		A783E1F121C90ED8007EA740 /* Products */ = {
			isa = PBXGroup;
			children = (
				A783E1F021C90ED8007EA740 /* CNews.app */,
				A783E20821C90ED9007EA740 /* CNewsTests.xctest */,
				A783E21321C90ED9007EA740 /* CNewsUITests.xctest */,
			);
			name = Products;
			sourceTree = "<group>";
		};
		A783E1F221C90ED8007EA740 /* CNews */ = {
			isa = PBXGroup;
			children = (
				A783E23221C91532007EA740 /* Classes */,
				A783E1FC21C90ED9007EA740 /* Assets.xcassets */,
				A783E1FE21C90ED9007EA740 /* LaunchScreen.storyboard */,
				A783E20121C90ED9007EA740 /* Info.plist */,
				A783E20221C90ED9007EA740 /* main.m */,
			);
			path = CNews;
			sourceTree = "<group>";
		};
		A783E20B21C90ED9007EA740 /* CNewsTests */ = {
			isa = PBXGroup;
			children = (
				A783E20C21C90ED9007EA740 /* CNewsTests.m */,
				A783E20E21C90ED9007EA740 /* Info.plist */,
			);
			path = CNewsTests;
			sourceTree = "<group>";
		};
		A783E21621C90ED9007EA740 /* CNewsUITests */ = {
			isa = PBXGroup;
			children = (
				A783E21721C90ED9007EA740 /* CNewsUITests.m */,
				A783E21921C90ED9007EA740 /* Info.plist */,
			);
			path = CNewsUITests;
			sourceTree = "<group>";
		};
		A783E22521C90FD6007EA740 /* AppDelegate */ = {
			isa = PBXGroup;
			children = (
				A783E1F321C90ED8007EA740 /* AppDelegate.h */,
				A783E1F421C90ED8007EA740 /* AppDelegate.m */,
			);
			path = AppDelegate;
			sourceTree = "<group>";
		};
		A783E22621C91070007EA740 /* Base */ = {
			isa = PBXGroup;
			children = (
				A783E22821C9107E007EA740 /* Net */,
				A783E22721C91078007EA740 /* VC */,
			);
			path = Base;
			sourceTree = "<group>";
		};
		A783E22721C91078007EA740 /* VC */ = {
			isa = PBXGroup;
			children = (
				A783E22921C910A2007EA740 /* CNBaseViewController.h */,
				A783E22A21C910A2007EA740 /* CNBaseViewController.m */,
				A783E22C21C910C8007EA740 /* CNNavigationViewController.h */,
				A783E22D21C910C8007EA740 /* CNNavigationViewController.m */,
				A783E22F21C910E2007EA740 /* CNTabBarViewController.h */,
				A783E23021C910E2007EA740 /* CNTabBarViewController.m */,
			);
			path = VC;
			sourceTree = "<group>";
		};
		A783E22821C9107E007EA740 /* Net */ = {
			isa = PBXGroup;
			children = (
			);
			path = Net;
			sourceTree = "<group>";
		};
		A783E23221C91532007EA740 /* Classes */ = {
			isa = PBXGroup;
			children = (
				A783E23621C915B6007EA740 /* Me */,
				A783E23521C91595007EA740 /* Video */,
				A783E23421C91589007EA740 /* Picture */,
				A783E23321C9157A007EA740 /* News */,
				A783E22521C90FD6007EA740 /* AppDelegate */,
				A783E22621C91070007EA740 /* Base */,
			);
			path = Classes;
			sourceTree = "<group>";
		};
		A783E23321C9157A007EA740 /* News */ = {
			isa = PBXGroup;
			children = (
				A783E23721C9160A007EA740 /* CNNewsViewController.h */,
				A783E23821C9160A007EA740 /* CNNewsViewController.m */,
			);
			path = News;
			sourceTree = "<group>";
		};
		A783E23421C91589007EA740 /* Picture */ = {
			isa = PBXGroup;
			children = (
				A783E23A21C91643007EA740 /* CNPictureViewController.h */,
				A783E23B21C91643007EA740 /* CNPictureViewController.m */,
			);
			path = Picture;
			sourceTree = "<group>";
		};
		A783E23521C91595007EA740 /* Video */ = {
			isa = PBXGroup;
			children = (
				A783E23D21C91659007EA740 /* CNVideoViewController.h */,
				A783E23E21C91659007EA740 /* CNVideoViewController.m */,
			);
			path = Video;
			sourceTree = "<group>";
		};
		A783E23621C915B6007EA740 /* Me */ = {
			isa = PBXGroup;
			children = (
				A783E24021C91669007EA740 /* CNMeViewController.h */,
				A783E24121C91669007EA740 /* CNMeViewController.m */,
			);
			path = Me;
			sourceTree = "<group>";
		};
		C0ACF76646EC2E0766EB5382 /* Pods */ = {
			isa = PBXGroup;
			children = (
				0AA53BA92E215EE419483E04 /* Pods-CNews.debug.xcconfig */,
				F22691FF10441D6C44F04301 /* Pods-CNews.release.xcconfig */,
			);
			name = Pods;
			sourceTree = "<group>";
		};
/* End PBXGroup section */

/* Begin PBXNativeTarget section */
		A783E1EF21C90ED8007EA740 /* CNews */ = {
			isa = PBXNativeTarget;
			buildConfigurationList = A783E21C21C90ED9007EA740 /* Build configuration list for PBXNativeTarget "CNews" */;
			buildPhases = (
				1FB12B1F53CAC557305DDFA8 /* [CP] Check Pods Manifest.lock */,
				A783E1EC21C90ED8007EA740 /* Sources */,
				A783E1ED21C90ED8007EA740 /* Frameworks */,
				A783E1EE21C90ED8007EA740 /* Resources */,
				EE5D4D5619CAE57C6DA2FC88 /* [CP] Embed Pods Frameworks */,
				C6C5C2DD0D4D3BA50818E010 /* [CP] Copy Pods Resources */,
			);
			buildRules = (
			);
			dependencies = (
			);
			name = CNews;
			productName = CNews;
			productReference = A783E1F021C90ED8007EA740 /* CNews.app */;
			productType = "com.apple.product-type.application";
		};
		A783E20721C90ED9007EA740 /* CNewsTests */ = {
			isa = PBXNativeTarget;
			buildConfigurationList = A783E21F21C90ED9007EA740 /* Build configuration list for PBXNativeTarget "CNewsTests" */;
			buildPhases = (
				A783E20421C90ED9007EA740 /* Sources */,
				A783E20521C90ED9007EA740 /* Frameworks */,
				A783E20621C90ED9007EA740 /* Resources */,
			);
			buildRules = (
			);
			dependencies = (
				A783E20A21C90ED9007EA740 /* PBXTargetDependency */,
			);
			name = CNewsTests;
			productName = CNewsTests;
			productReference = A783E20821C90ED9007EA740 /* CNewsTests.xctest */;
			productType = "com.apple.product-type.bundle.unit-test";
		};
		A783E21221C90ED9007EA740 /* CNewsUITests */ = {
			isa = PBXNativeTarget;
			buildConfigurationList = A783E22221C90ED9007EA740 /* Build configuration list for PBXNativeTarget "CNewsUITests" */;
			buildPhases = (
				A783E20F21C90ED9007EA740 /* Sources */,
				A783E21021C90ED9007EA740 /* Frameworks */,
				A783E21121C90ED9007EA740 /* Resources */,
			);
			buildRules = (
			);
			dependencies = (
				A783E21521C90ED9007EA740 /* PBXTargetDependency */,
			);
			name = CNewsUITests;
			productName = CNewsUITests;
			productReference = A783E21321C90ED9007EA740 /* CNewsUITests.xctest */;
			productType = "com.apple.product-type.bundle.ui-testing";
		};
/* End PBXNativeTarget section */

/* Begin PBXProject section */
		A783E1E821C90ED8007EA740 /* Project object */ = {
			isa = PBXProject;
			attributes = {
				LastUpgradeCheck = 1010;
				ORGANIZATIONNAME = chen_sy;
				TargetAttributes = {
					A783E1EF21C90ED8007EA740 = {
						CreatedOnToolsVersion = 10.1;
					};
					A783E20721C90ED9007EA740 = {
						CreatedOnToolsVersion = 10.1;
						TestTargetID = A783E1EF21C90ED8007EA740;
					};
					A783E21221C90ED9007EA740 = {
						CreatedOnToolsVersion = 10.1;
						TestTargetID = A783E1EF21C90ED8007EA740;
					};
				};
			};
			buildConfigurationList = A783E1EB21C90ED8007EA740 /* Build configuration list for PBXProject "CNews" */;
			compatibilityVersion = "Xcode 9.3";
			developmentRegion = en;
			hasScannedForEncodings = 0;
			knownRegions = (
				en,
				Base,
			);
			mainGroup = A783E1E721C90ED8007EA740;
			productRefGroup = A783E1F121C90ED8007EA740 /* Products */;
			projectDirPath = "";
			projectRoot = "";
			targets = (
				A783E1EF21C90ED8007EA740 /* CNews */,
				A783E20721C90ED9007EA740 /* CNewsTests */,
				A783E21221C90ED9007EA740 /* CNewsUITests */,
			);
		};
/* End PBXProject section */

/* Begin PBXResourcesBuildPhase section */
		A783E1EE21C90ED8007EA740 /* Resources */ = {
			isa = PBXResourcesBuildPhase;
			buildActionMask = 2147483647;
			files = (
				A783E20021C90ED9007EA740 /* LaunchScreen.storyboard in Resources */,
				A783E1FD21C90ED9007EA740 /* Assets.xcassets in Resources */,
			);
			runOnlyForDeploymentPostprocessing = 0;
		};
		A783E20621C90ED9007EA740 /* Resources */ = {
			isa = PBXResourcesBuildPhase;
			buildActionMask = 2147483647;
			files = (
			);
			runOnlyForDeploymentPostprocessing = 0;
		};
		A783E21121C90ED9007EA740 /* Resources */ = {
			isa = PBXResourcesBuildPhase;
			buildActionMask = 2147483647;
			files = (
			);
			runOnlyForDeploymentPostprocessing = 0;
		};
/* End PBXResourcesBuildPhase section */

/* Begin PBXShellScriptBuildPhase section */
		1FB12B1F53CAC557305DDFA8 /* [CP] Check Pods Manifest.lock */ = {
			isa = PBXShellScriptBuildPhase;
			buildActionMask = 2147483647;
			files = (
			);
			inputPaths = (
				"${PODS_PODFILE_DIR_PATH}/Podfile.lock",
				"${PODS_ROOT}/Manifest.lock",
			);
			name = "[CP] Check Pods Manifest.lock";
			outputPaths = (
				"$(DERIVED_FILE_DIR)/Pods-CNews-checkManifestLockResult.txt",
			);
			runOnlyForDeploymentPostprocessing = 0;
			shellPath = /bin/sh;
			shellScript = "diff \"${PODS_PODFILE_DIR_PATH}/Podfile.lock\" \"${PODS_ROOT}/Manifest.lock\" > /dev/null\nif [ $? != 0 ] ; then\n    # print error to STDERR\n    echo \"error: The sandbox is not in sync with the Podfile.lock. Run 'pod install' or update your CocoaPods installation.\" >&2\n    exit 1\nfi\n# This output is used by Xcode 'outputs' to avoid re-running this script phase.\necho \"SUCCESS\" > \"${SCRIPT_OUTPUT_FILE_0}\"\n";
			showEnvVarsInLog = 0;
		};
		C6C5C2DD0D4D3BA50818E010 /* [CP] Copy Pods Resources */ = {
			isa = PBXShellScriptBuildPhase;
			buildActionMask = 2147483647;
			files = (
			);
			inputPaths = (
			);
			name = "[CP] Copy Pods Resources";
			outputPaths = (
			);
			runOnlyForDeploymentPostprocessing = 0;
			shellPath = /bin/sh;
			shellScript = "\"${SRCROOT}/Pods/Target Support Files/Pods-CNews/Pods-CNews-resources.sh\"\n";
			showEnvVarsInLog = 0;
		};
		EE5D4D5619CAE57C6DA2FC88 /* [CP] Embed Pods Frameworks */ = {
			isa = PBXShellScriptBuildPhase;
			buildActionMask = 2147483647;
			files = (
			);
			inputPaths = (
			);
			name = "[CP] Embed Pods Frameworks";
			outputPaths = (
			);
			runOnlyForDeploymentPostprocessing = 0;
			shellPath = /bin/sh;
			shellScript = "\"${SRCROOT}/Pods/Target Support Files/Pods-CNews/Pods-CNews-frameworks.sh\"\n";
			showEnvVarsInLog = 0;
		};
/* End PBXShellScriptBuildPhase section */

/* Begin PBXSourcesBuildPhase section */
		A783E1EC21C90ED8007EA740 /* Sources */ = {
			isa = PBXSourcesBuildPhase;
			buildActionMask = 2147483647;
			files = (
				A783E22B21C910A2007EA740 /* CNBaseViewController.m in Sources */,
				A783E23F21C91659007EA740 /* CNVideoViewController.m in Sources */,
				A783E20321C90ED9007EA740 /* main.m in Sources */,
				A783E24221C91669007EA740 /* CNMeViewController.m in Sources */,
				A783E1F521C90ED8007EA740 /* AppDelegate.m in Sources */,
				A783E23C21C91643007EA740 /* CNPictureViewController.m in Sources */,
				A783E23921C9160A007EA740 /* CNNewsViewController.m in Sources */,
				A783E22E21C910C8007EA740 /* CNNavigationViewController.m in Sources */,
				A783E23121C910E2007EA740 /* CNTabBarViewController.m in Sources */,
			);
			runOnlyForDeploymentPostprocessing = 0;
		};
		A783E20421C90ED9007EA740 /* Sources */ = {
			isa = PBXSourcesBuildPhase;
			buildActionMask = 2147483647;
			files = (
				A783E20D21C90ED9007EA740 /* CNewsTests.m in Sources */,
			);
			runOnlyForDeploymentPostprocessing = 0;
		};
		A783E20F21C90ED9007EA740 /* Sources */ = {
			isa = PBXSourcesBuildPhase;
			buildActionMask = 2147483647;
			files = (
				A783E21821C90ED9007EA740 /* CNewsUITests.m in Sources */,
			);
			runOnlyForDeploymentPostprocessing = 0;
		};
/* End PBXSourcesBuildPhase section */

/* Begin PBXTargetDependency section */
		A783E20A21C90ED9007EA740 /* PBXTargetDependency */ = {
			isa = PBXTargetDependency;
			target = A783E1EF21C90ED8007EA740 /* CNews */;
			targetProxy = A783E20921C90ED9007EA740 /* PBXContainerItemProxy */;
		};
		A783E21521C90ED9007EA740 /* PBXTargetDependency */ = {
			isa = PBXTargetDependency;
			target = A783E1EF21C90ED8007EA740 /* CNews */;
			targetProxy = A783E21421C90ED9007EA740 /* PBXContainerItemProxy */;
		};
/* End PBXTargetDependency section */

/* Begin PBXVariantGroup section */
		A783E1FE21C90ED9007EA740 /* LaunchScreen.storyboard */ = {
			isa = PBXVariantGroup;
			children = (
				A783E1FF21C90ED9007EA740 /* Base */,
			);
			name = LaunchScreen.storyboard;
			sourceTree = "<group>";
		};
/* End PBXVariantGroup section */

/* Begin XCBuildConfiguration section */
		A783E21A21C90ED9007EA740 /* Debug */ = {
			isa = XCBuildConfiguration;
			buildSettings = {
				ALWAYS_SEARCH_USER_PATHS = NO;
				CLANG_ANALYZER_NONNULL = YES;
				CLANG_ANALYZER_NUMBER_OBJECT_CONVERSION = YES_AGGRESSIVE;
				CLANG_CXX_LANGUAGE_STANDARD = "gnu++14";
				CLANG_CXX_LIBRARY = "libc++";
				CLANG_ENABLE_MODULES = YES;
				CLANG_ENABLE_OBJC_ARC = YES;
				CLANG_ENABLE_OBJC_WEAK = YES;
				CLANG_WARN_BLOCK_CAPTURE_AUTORELEASING = YES;
				CLANG_WARN_BOOL_CONVERSION = YES;
				CLANG_WARN_COMMA = YES;
				CLANG_WARN_CONSTANT_CONVERSION = YES;
				CLANG_WARN_DEPRECATED_OBJC_IMPLEMENTATIONS = YES;
				CLANG_WARN_DIRECT_OBJC_ISA_USAGE = YES_ERROR;
				CLANG_WARN_DOCUMENTATION_COMMENTS = YES;
				CLANG_WARN_EMPTY_BODY = YES;
				CLANG_WARN_ENUM_CONVERSION = YES;
				CLANG_WARN_INFINITE_RECURSION = YES;
				CLANG_WARN_INT_CONVERSION = YES;
				CLANG_WARN_NON_LITERAL_NULL_CONVERSION = YES;
				CLANG_WARN_OBJC_IMPLICIT_RETAIN_SELF = YES;
				CLANG_WARN_OBJC_LITERAL_CONVERSION = YES;
				CLANG_WARN_OBJC_ROOT_CLASS = YES_ERROR;
				CLANG_WARN_RANGE_LOOP_ANALYSIS = YES;
				CLANG_WARN_STRICT_PROTOTYPES = YES;
				CLANG_WARN_SUSPICIOUS_MOVE = YES;
				CLANG_WARN_UNGUARDED_AVAILABILITY = YES_AGGRESSIVE;
				CLANG_WARN_UNREACHABLE_CODE = YES;
				CLANG_WARN__DUPLICATE_METHOD_MATCH = YES;
				CODE_SIGN_IDENTITY = "iPhone Developer";
				COPY_PHASE_STRIP = NO;
				DEBUG_INFORMATION_FORMAT = dwarf;
				ENABLE_STRICT_OBJC_MSGSEND = YES;
				ENABLE_TESTABILITY = YES;
				GCC_C_LANGUAGE_STANDARD = gnu11;
				GCC_DYNAMIC_NO_PIC = NO;
				GCC_NO_COMMON_BLOCKS = YES;
				GCC_OPTIMIZATION_LEVEL = 0;
				GCC_PREPROCESSOR_DEFINITIONS = (
					"DEBUG=1",
					"$(inherited)",
				);
				GCC_WARN_64_TO_32_BIT_CONVERSION = YES;
				GCC_WARN_ABOUT_RETURN_TYPE = YES_ERROR;
				GCC_WARN_UNDECLARED_SELECTOR = YES;
				GCC_WARN_UNINITIALIZED_AUTOS = YES_AGGRESSIVE;
				GCC_WARN_UNUSED_FUNCTION = YES;
				GCC_WARN_UNUSED_VARIABLE = YES;
				IPHONEOS_DEPLOYMENT_TARGET = 12.1;
				MTL_ENABLE_DEBUG_INFO = INCLUDE_SOURCE;
				MTL_FAST_MATH = YES;
				ONLY_ACTIVE_ARCH = YES;
				SDKROOT = iphoneos;
			};
			name = Debug;
		};
		A783E21B21C90ED9007EA740 /* Release */ = {
			isa = XCBuildConfiguration;
			buildSettings = {
				ALWAYS_SEARCH_USER_PATHS = NO;
				CLANG_ANALYZER_NONNULL = YES;
				CLANG_ANALYZER_NUMBER_OBJECT_CONVERSION = YES_AGGRESSIVE;
				CLANG_CXX_LANGUAGE_STANDARD = "gnu++14";
				CLANG_CXX_LIBRARY = "libc++";
				CLANG_ENABLE_MODULES = YES;
				CLANG_ENABLE_OBJC_ARC = YES;
				CLANG_ENABLE_OBJC_WEAK = YES;
				CLANG_WARN_BLOCK_CAPTURE_AUTORELEASING = YES;
				CLANG_WARN_BOOL_CONVERSION = YES;
				CLANG_WARN_COMMA = YES;
				CLANG_WARN_CONSTANT_CONVERSION = YES;
				CLANG_WARN_DEPRECATED_OBJC_IMPLEMENTATIONS = YES;
				CLANG_WARN_DIRECT_OBJC_ISA_USAGE = YES_ERROR;
				CLANG_WARN_DOCUMENTATION_COMMENTS = YES;
				CLANG_WARN_EMPTY_BODY = YES;
				CLANG_WARN_ENUM_CONVERSION = YES;
				CLANG_WARN_INFINITE_RECURSION = YES;
				CLANG_WARN_INT_CONVERSION = YES;
				CLANG_WARN_NON_LITERAL_NULL_CONVERSION = YES;
				CLANG_WARN_OBJC_IMPLICIT_RETAIN_SELF = YES;
				CLANG_WARN_OBJC_LITERAL_CONVERSION = YES;
				CLANG_WARN_OBJC_ROOT_CLASS = YES_ERROR;
				CLANG_WARN_RANGE_LOOP_ANALYSIS = YES;
				CLANG_WARN_STRICT_PROTOTYPES = YES;
				CLANG_WARN_SUSPICIOUS_MOVE = YES;
				CLANG_WARN_UNGUARDED_AVAILABILITY = YES_AGGRESSIVE;
				CLANG_WARN_UNREACHABLE_CODE = YES;
				CLANG_WARN__DUPLICATE_METHOD_MATCH = YES;
				CODE_SIGN_IDENTITY = "iPhone Developer";
				COPY_PHASE_STRIP = NO;
				DEBUG_INFORMATION_FORMAT = "dwarf-with-dsym";
				ENABLE_NS_ASSERTIONS = NO;
				ENABLE_STRICT_OBJC_MSGSEND = YES;
				GCC_C_LANGUAGE_STANDARD = gnu11;
				GCC_NO_COMMON_BLOCKS = YES;
				GCC_WARN_64_TO_32_BIT_CONVERSION = YES;
				GCC_WARN_ABOUT_RETURN_TYPE = YES_ERROR;
				GCC_WARN_UNDECLARED_SELECTOR = YES;
				GCC_WARN_UNINITIALIZED_AUTOS = YES_AGGRESSIVE;
				GCC_WARN_UNUSED_FUNCTION = YES;
				GCC_WARN_UNUSED_VARIABLE = YES;
				IPHONEOS_DEPLOYMENT_TARGET = 12.1;
				MTL_ENABLE_DEBUG_INFO = NO;
				MTL_FAST_MATH = YES;
				SDKROOT = iphoneos;
				VALIDATE_PRODUCT = YES;
			};
			name = Release;
		};
		A783E21D21C90ED9007EA740 /* Debug */ = {
			isa = XCBuildConfiguration;
			baseConfigurationReference = 0AA53BA92E215EE419483E04 /* Pods-CNews.debug.xcconfig */;
			buildSettings = {
				ASSETCATALOG_COMPILER_APPICON_NAME = AppIcon;
				CODE_SIGN_STYLE = Automatic;
				DEVELOPMENT_TEAM = F985AYB25B;
				INFOPLIST_FILE = CNews/Info.plist;
				IPHONEOS_DEPLOYMENT_TARGET = 9.0;
				LD_RUNPATH_SEARCH_PATHS = "$(inherited) @executable_path/Frameworks";
				PRODUCT_BUNDLE_IDENTIFIER = "chen-sy.CNews";
				PRODUCT_NAME = "$(TARGET_NAME)";
				TARGETED_DEVICE_FAMILY = 1;
			};
			name = Debug;
		};
		A783E21E21C90ED9007EA740 /* Release */ = {
			isa = XCBuildConfiguration;
			baseConfigurationReference = F22691FF10441D6C44F04301 /* Pods-CNews.release.xcconfig */;
			buildSettings = {
				ASSETCATALOG_COMPILER_APPICON_NAME = AppIcon;
				CODE_SIGN_STYLE = Automatic;
				DEVELOPMENT_TEAM = F985AYB25B;
				INFOPLIST_FILE = CNews/Info.plist;
				IPHONEOS_DEPLOYMENT_TARGET = 9.0;
				LD_RUNPATH_SEARCH_PATHS = "$(inherited) @executable_path/Frameworks";
				PRODUCT_BUNDLE_IDENTIFIER = "chen-sy.CNews";
				PRODUCT_NAME = "$(TARGET_NAME)";
				TARGETED_DEVICE_FAMILY = 1;
			};
			name = Release;
		};
		A783E22021C90ED9007EA740 /* Debug */ = {
			isa = XCBuildConfiguration;
			buildSettings = {
				BUNDLE_LOADER = "$(TEST_HOST)";
				CODE_SIGN_STYLE = Automatic;
				DEVELOPMENT_TEAM = F985AYB25B;
				INFOPLIST_FILE = CNewsTests/Info.plist;
				LD_RUNPATH_SEARCH_PATHS = "$(inherited) @executable_path/Frameworks @loader_path/Frameworks";
				PRODUCT_BUNDLE_IDENTIFIER = "chen-sy.CNewsTests";
				PRODUCT_NAME = "$(TARGET_NAME)";
				TARGETED_DEVICE_FAMILY = "1,2";
				TEST_HOST = "$(BUILT_PRODUCTS_DIR)/CNews.app/CNews";
			};
			name = Debug;
		};
		A783E22121C90ED9007EA740 /* Release */ = {
			isa = XCBuildConfiguration;
			buildSettings = {
				BUNDLE_LOADER = "$(TEST_HOST)";
				CODE_SIGN_STYLE = Automatic;
				DEVELOPMENT_TEAM = F985AYB25B;
				INFOPLIST_FILE = CNewsTests/Info.plist;
				LD_RUNPATH_SEARCH_PATHS = "$(inherited) @executable_path/Frameworks @loader_path/Frameworks";
				PRODUCT_BUNDLE_IDENTIFIER = "chen-sy.CNewsTests";
				PRODUCT_NAME = "$(TARGET_NAME)";
				TARGETED_DEVICE_FAMILY = "1,2";
				TEST_HOST = "$(BUILT_PRODUCTS_DIR)/CNews.app/CNews";
			};
			name = Release;
		};
		A783E22321C90ED9007EA740 /* Debug */ = {
			isa = XCBuildConfiguration;
			buildSettings = {
				CODE_SIGN_STYLE = Automatic;
				DEVELOPMENT_TEAM = F985AYB25B;
				INFOPLIST_FILE = CNewsUITests/Info.plist;
				LD_RUNPATH_SEARCH_PATHS = "$(inherited) @executable_path/Frameworks @loader_path/Frameworks";
				PRODUCT_BUNDLE_IDENTIFIER = "chen-sy.CNewsUITests";
				PRODUCT_NAME = "$(TARGET_NAME)";
				TARGETED_DEVICE_FAMILY = "1,2";
				TEST_TARGET_NAME = CNews;
			};
			name = Debug;
		};
		A783E22421C90ED9007EA740 /* Release */ = {
			isa = XCBuildConfiguration;
			buildSettings = {
				CODE_SIGN_STYLE = Automatic;
				DEVELOPMENT_TEAM = F985AYB25B;
				INFOPLIST_FILE = CNewsUITests/Info.plist;
				LD_RUNPATH_SEARCH_PATHS = "$(inherited) @executable_path/Frameworks @loader_path/Frameworks";
				PRODUCT_BUNDLE_IDENTIFIER = "chen-sy.CNewsUITests";
				PRODUCT_NAME = "$(TARGET_NAME)";
				TARGETED_DEVICE_FAMILY = "1,2";
				TEST_TARGET_NAME = CNews;
			};
			name = Release;
		};
/* End XCBuildConfiguration section */

/* Begin XCConfigurationList section */
		A783E1EB21C90ED8007EA740 /* Build configuration list for PBXProject "CNews" */ = {
			isa = XCConfigurationList;
			buildConfigurations = (
				A783E21A21C90ED9007EA740 /* Debug */,
				A783E21B21C90ED9007EA740 /* Release */,
			);
			defaultConfigurationIsVisible = 0;
			defaultConfigurationName = Release;
		};
		A783E21C21C90ED9007EA740 /* Build configuration list for PBXNativeTarget "CNews" */ = {
			isa = XCConfigurationList;
			buildConfigurations = (
				A783E21D21C90ED9007EA740 /* Debug */,
				A783E21E21C90ED9007EA740 /* Release */,
			);
			defaultConfigurationIsVisible = 0;
			defaultConfigurationName = Release;
		};
		A783E21F21C90ED9007EA740 /* Build configuration list for PBXNativeTarget "CNewsTests" */ = {
			isa = XCConfigurationList;
			buildConfigurations = (
				A783E22021C90ED9007EA740 /* Debug */,
				A783E22121C90ED9007EA740 /* Release */,
			);
			defaultConfigurationIsVisible = 0;
			defaultConfigurationName = Release;
		};
		A783E22221C90ED9007EA740 /* Build configuration list for PBXNativeTarget "CNewsUITests" */ = {
			isa = XCConfigurationList;
			buildConfigurations = (
				A783E22321C90ED9007EA740 /* Debug */,
				A783E22421C90ED9007EA740 /* Release */,
			);
			defaultConfigurationIsVisible = 0;
			defaultConfigurationName = Release;
		};
/* End XCConfigurationList section */
	};
	rootObject = A783E1E821C90ED8007EA740 /* Project object */;
}
